
Microsoft Visual Studio Solution File, Format Version 12.00
# Visual Studio 14
VisualStudioVersion = 14.0.24720.0
MinimumVisualStudioVersion = 10.0.40219.1
Project("{FAE04EC0-301F-11D3-BF4B-00C04F79EFBC}") = "Logic", "Logic\Logic.csproj", "{B504C49D-086A-45B6-B44B-A4A463C4D81F}"
EndProject
Project("{FAE04EC0-301F-11D3-BF4B-00C04F79EFBC}") = "ConsoleUI", "ConsoleUI\ConsoleUI.csproj", "{3E0FC4C0-B56C-4685-BA6A-54B26285299D}"
EndProject
Project("{FAE04EC0-301F-11D3-BF4B-00C04F79EFBC}") = "Logic.Tests", "Logic.Tests\Logic.Tests.csproj", "{740CCB79-B8C4-4DC5-934E-F36F744A6A69}"
EndProject
Global
	GlobalSection(SolutionConfigurationPlatforms) = preSolution
		Debug|Any CPU = Debug|Any CPU
		Release|Any CPU = Release|Any CPU
	EndGlobalSection
	GlobalSection(ProjectConfigurationPlatforms) = postSolution
		{B504C49D-086A-45B6-B44B-A4A463C4D81F}.Debug|Any CPU.ActiveCfg = Debug|Any CPU
		{B504C49D-086A-45B6-B44B-A4A463C4D81F}.Debug|Any CPU.Build.0 = Debug|Any CPU
		{B504C49D-086A-45B6-B44B-A4A463C4D81F}.Release|Any CPU.ActiveCfg = Release|Any CPU
		{B504C49D-086A-45B6-B44B-A4A463C4D81F}.Release|Any CPU.Build.0 = Release|Any CPU
		{3E0FC4C0-B56C-4685-BA6A-54B26285299D}.Debug|Any CPU.ActiveCfg = Debug|Any CPU
		{3E0FC4C0-B56C-4685-BA6A-54B26285299D}.Debug|Any CPU.Build.0 = Debug|Any CPU
		{3E0FC4C0-B56C-4685-BA6A-54B26285299D}.Release|Any CPU.ActiveCfg = Release|Any CPU
		{3E0FC4C0-B56C-4685-BA6A-54B26285299D}.Release|Any CPU.Build.0 = Release|Any CPU
		{740CCB79-B8C4-4DC5-934E-F36F744A6A69}.Debug|Any CPU.ActiveCfg = Debug|Any CPU
		{740CCB79-B8C4-4DC5-934E-F36F744A6A69}.Debug|Any CPU.Build.0 = Debug|Any CPU
		{740CCB79-B8C4-4DC5-934E-F36F744A6A69}.Release|Any CPU.ActiveCfg = Release|Any CPU
		{740CCB79-B8C4-4DC5-934E-F36F744A6A69}.Release|Any CPU.Build.0 = Release|Any CPU
	EndGlobalSection
	GlobalSection(SolutionProperties) = preSolution
		HideSolutionNode = FALSE
	EndGlobalSection
EndGlobal
